
Microsoft Visual Studio Solution File, Format Version 12.00
# Visual Studio Version 16
VisualStudioVersion = 16.0.32802.440
MinimumVisualStudioVersion = 10.0.40219.1
Project("{9A19103F-16F7-4668-BE54-9A1E7A4F7556}") = "online-shop", "online-shop\online-shop.csproj", "{F1A50B69-0458-4A63-880D-568D28D3E3F5}"
EndProject
Project("{9A19103F-16F7-4668-BE54-9A1E7A4F7556}") = "tests", "tests\tests.csproj", "{B53A8126-2FBA-424B-A886-C0FCCEF66505}"
EndProject
Project("{FAE04EC0-301F-11D3-BF4B-00C04F79EFBC}") = "altex", "altex\altex.csproj", "{053DDC76-CCDF-46F4-8CB0-E6EACE450685}"
EndProject
Global
	GlobalSection(SolutionConfigurationPlatforms) = preSolution
		Debug|Any CPU = Debug|Any CPU
		Release|Any CPU = Release|Any CPU
	EndGlobalSection
	GlobalSection(ProjectConfigurationPlatforms) = postSolution
		{F1A50B69-0458-4A63-880D-568D28D3E3F5}.Debug|Any CPU.ActiveCfg = Debug|Any CPU
		{F1A50B69-0458-4A63-880D-568D28D3E3F5}.Debug|Any CPU.Build.0 = Debug|Any CPU
		{F1A50B69-0458-4A63-880D-568D28D3E3F5}.Release|Any CPU.ActiveCfg = Release|Any CPU
		{F1A50B69-0458-4A63-880D-568D28D3E3F5}.Release|Any CPU.Build.0 = Release|Any CPU
		{B53A8126-2FBA-424B-A886-C0FCCEF66505}.Debug|Any CPU.ActiveCfg = Debug|Any CPU
		{B53A8126-2FBA-424B-A886-C0FCCEF66505}.Debug|Any CPU.Build.0 = Debug|Any CPU
		{B53A8126-2FBA-424B-A886-C0FCCEF66505}.Release|Any CPU.ActiveCfg = Release|Any CPU
		{B53A8126-2FBA-424B-A886-C0FCCEF66505}.Release|Any CPU.Build.0 = Release|Any CPU
		{053DDC76-CCDF-46F4-8CB0-E6EACE450685}.Debug|Any CPU.ActiveCfg = Debug|Any CPU
		{053DDC76-CCDF-46F4-8CB0-E6EACE450685}.Debug|Any CPU.Build.0 = Debug|Any CPU
		{053DDC76-CCDF-46F4-8CB0-E6EACE450685}.Release|Any CPU.ActiveCfg = Release|Any CPU
		{053DDC76-CCDF-46F4-8CB0-E6EACE450685}.Release|Any CPU.Build.0 = Release|Any CPU
	EndGlobalSection
	GlobalSection(SolutionProperties) = preSolution
		HideSolutionNode = FALSE
	EndGlobalSection
	GlobalSection(ExtensibilityGlobals) = postSolution
		SolutionGuid = {AEF8B5AB-7022-49F4-A377-DDE3A99D9AB6}
	EndGlobalSection
EndGlobal
